
Microsoft Visual Studio Solution File, Format Version 12.00
# Visual Studio Version 17
VisualStudioVersion = 17.6.33829.357
MinimumVisualStudioVersion = 10.0.40219.1
Project("{9A19103F-16F7-4668-BE54-9A1E7A4F7556}") = "TxControlDemo", "TxControlSubmitPopupDemo\TxControlDemo.csproj", "{A0D61B33-CA3A-4E8F-8AF8-9403946D570D}"
EndProject
Global
	GlobalSection(SolutionConfigurationPlatforms) = preSolution
		Debug|Any CPU = Debug|Any CPU
		Release|Any CPU = Release|Any CPU
	EndGlobalSection
	GlobalSection(ProjectConfigurationPlatforms) = postSolution
		{A0D61B33-CA3A-4E8F-8AF8-9403946D570D}.Debug|Any CPU.ActiveCfg = Debug|Any CPU
		{A0D61B33-CA3A-4E8F-8AF8-9403946D570D}.Debug|Any CPU.Build.0 = Debug|Any CPU
		{A0D61B33-CA3A-4E8F-8AF8-9403946D570D}.Release|Any CPU.ActiveCfg = Release|Any CPU
		{A0D61B33-CA3A-4E8F-8AF8-9403946D570D}.Release|Any CPU.Build.0 = Release|Any CPU
	EndGlobalSection
	GlobalSection(SolutionProperties) = preSolution
		HideSolutionNode = FALSE
	EndGlobalSection
	GlobalSection(ExtensibilityGlobals) = postSolution
		SolutionGuid = {815FB525-A7D8-4A36-BC0B-19649BBFFFE4}
	EndGlobalSection
EndGlobal
